
Microsoft Visual Studio Solution File, Format Version 12.00
# Visual Studio 14
VisualStudioVersion = 14.0.25420.1
MinimumVisualStudioVersion = 10.0.40219.1
Project("{FAE04EC0-301F-11D3-BF4B-00C04F79EFBC}") = "ShoppingList-PortableLib", "ShoppingList-PartableLib\ShoppingList-PortableLib.csproj", "{5775B7C6-A8BD-480B-997B-16B68B655A89}"
EndProject
Project("{FAE04EC0-301F-11D3-BF4B-00C04F79EFBC}") = "ShoppingList-Android", "ShoppingList-Android\ShoppingList-Android.csproj", "{9169DB41-781D-4875-BBBA-1966AC8F8347}"
EndProject
Project("{FAE04EC0-301F-11D3-BF4B-00C04F79EFBC}") = "ShoppingList-iOS", "ShoppingList-iOS\ShoppingList-iOS.csproj", "{6D75847E-FCAA-47C7-87BF-E897B975C689}"
EndProject
Global
	GlobalSection(SolutionConfigurationPlatforms) = preSolution
		Ad-Hoc|Any CPU = Ad-Hoc|Any CPU
		Ad-Hoc|iPhone = Ad-Hoc|iPhone
		Ad-Hoc|iPhoneSimulator = Ad-Hoc|iPhoneSimulator
		AppStore|Any CPU = AppStore|Any CPU
		AppStore|iPhone = AppStore|iPhone
		AppStore|iPhoneSimulator = AppStore|iPhoneSimulator
		Debug|Any CPU = Debug|Any CPU
		Debug|iPhone = Debug|iPhone
		Debug|iPhoneSimulator = Debug|iPhoneSimulator
		Release|Any CPU = Release|Any CPU
		Release|iPhone = Release|iPhone
		Release|iPhoneSimulator = Release|iPhoneSimulator
	EndGlobalSection
	GlobalSection(ProjectConfigurationPlatforms) = postSolution
		{5775B7C6-A8BD-480B-997B-16B68B655A89}.Ad-Hoc|Any CPU.ActiveCfg = Release|Any CPU
		{5775B7C6-A8BD-480B-997B-16B68B655A89}.Ad-Hoc|Any CPU.Build.0 = Release|Any CPU
		{5775B7C6-A8BD-480B-997B-16B68B655A89}.Ad-Hoc|iPhone.ActiveCfg = Release|Any CPU
		{5775B7C6-A8BD-480B-997B-16B68B655A89}.Ad-Hoc|iPhone.Build.0 = Release|Any CPU
		{5775B7C6-A8BD-480B-997B-16B68B655A89}.Ad-Hoc|iPhoneSimulator.ActiveCfg = Release|Any CPU
		{5775B7C6-A8BD-480B-997B-16B68B655A89}.Ad-Hoc|iPhoneSimulator.Build.0 = Release|Any CPU
		{5775B7C6-A8BD-480B-997B-16B68B655A89}.AppStore|Any CPU.ActiveCfg = Release|Any CPU
		{5775B7C6-A8BD-480B-997B-16B68B655A89}.AppStore|Any CPU.Build.0 = Release|Any CPU
		{5775B7C6-A8BD-480B-997B-16B68B655A89}.AppStore|iPhone.ActiveCfg = Release|Any CPU
		{5775B7C6-A8BD-480B-997B-16B68B655A89}.AppStore|iPhone.Build.0 = Release|Any CPU
		{5775B7C6-A8BD-480B-997B-16B68B655A89}.AppStore|iPhoneSimulator.ActiveCfg = Release|Any CPU
		{5775B7C6-A8BD-480B-997B-16B68B655A89}.AppStore|iPhoneSimulator.Build.0 = Release|Any CPU
		{5775B7C6-A8BD-480B-997B-16B68B655A89}.Debug|Any CPU.ActiveCfg = Debug|Any CPU
		{5775B7C6-A8BD-480B-997B-16B68B655A89}.Debug|Any CPU.Build.0 = Debug|Any CPU
		{5775B7C6-A8BD-480B-997B-16B68B655A89}.Debug|iPhone.ActiveCfg = Debug|Any CPU
		{5775B7C6-A8BD-480B-997B-16B68B655A89}.Debug|iPhone.Build.0 = Debug|Any CPU
		{5775B7C6-A8BD-480B-997B-16B68B655A89}.Debug|iPhoneSimulator.ActiveCfg = Debug|Any CPU
		{5775B7C6-A8BD-480B-997B-16B68B655A89}.Debug|iPhoneSimulator.Build.0 = Debug|Any CPU
		{5775B7C6-A8BD-480B-997B-16B68B655A89}.Release|Any CPU.ActiveCfg = Release|Any CPU
		{5775B7C6-A8BD-480B-997B-16B68B655A89}.Release|Any CPU.Build.0 = Release|Any CPU
		{5775B7C6-A8BD-480B-997B-16B68B655A89}.Release|iPhone.ActiveCfg = Release|Any CPU
		{5775B7C6-A8BD-480B-997B-16B68B655A89}.Release|iPhone.Build.0 = Release|Any CPU
		{5775B7C6-A8BD-480B-997B-16B68B655A89}.Release|iPhoneSimulator.ActiveCfg = Release|Any CPU
		{5775B7C6-A8BD-480B-997B-16B68B655A89}.Release|iPhoneSimulator.Build.0 = Release|Any CPU
		{9169DB41-781D-4875-BBBA-1966AC8F8347}.Ad-Hoc|Any CPU.ActiveCfg = Release|Any CPU
		{9169DB41-781D-4875-BBBA-1966AC8F8347}.Ad-Hoc|Any CPU.Build.0 = Release|Any CPU
		{9169DB41-781D-4875-BBBA-1966AC8F8347}.Ad-Hoc|Any CPU.Deploy.0 = Release|Any CPU
		{9169DB41-781D-4875-BBBA-1966AC8F8347}.Ad-Hoc|iPhone.ActiveCfg = Release|Any CPU
		{9169DB41-781D-4875-BBBA-1966AC8F8347}.Ad-Hoc|iPhone.Build.0 = Release|Any CPU
		{9169DB41-781D-4875-BBBA-1966AC8F8347}.Ad-Hoc|iPhone.Deploy.0 = Release|Any CPU
		{9169DB41-781D-4875-BBBA-1966AC8F8347}.Ad-Hoc|iPhoneSimulator.ActiveCfg = Release|Any CPU
		{9169DB41-781D-4875-BBBA-1966AC8F8347}.Ad-Hoc|iPhoneSimulator.Build.0 = Release|Any CPU
		{9169DB41-781D-4875-BBBA-1966AC8F8347}.Ad-Hoc|iPhoneSimulator.Deploy.0 = Release|Any CPU
		{9169DB41-781D-4875-BBBA-1966AC8F8347}.AppStore|Any CPU.ActiveCfg = Release|Any CPU
		{9169DB41-781D-4875-BBBA-1966AC8F8347}.AppStore|Any CPU.Build.0 = Release|Any CPU
		{9169DB41-781D-4875-BBBA-1966AC8F8347}.AppStore|Any CPU.Deploy.0 = Release|Any CPU
		{9169DB41-781D-4875-BBBA-1966AC8F8347}.AppStore|iPhone.ActiveCfg = Release|Any CPU
		{9169DB41-781D-4875-BBBA-1966AC8F8347}.AppStore|iPhone.Build.0 = Release|Any CPU
		{9169DB41-781D-4875-BBBA-1966AC8F8347}.AppStore|iPhone.Deploy.0 = Release|Any CPU
		{9169DB41-781D-4875-BBBA-1966AC8F8347}.AppStore|iPhoneSimulator.ActiveCfg = Release|Any CPU
		{9169DB41-781D-4875-BBBA-1966AC8F8347}.AppStore|iPhoneSimulator.Build.0 = Release|Any CPU
		{9169DB41-781D-4875-BBBA-1966AC8F8347}.AppStore|iPhoneSimulator.Deploy.0 = Release|Any CPU
		{9169DB41-781D-4875-BBBA-1966AC8F8347}.Debug|Any CPU.ActiveCfg = Debug|Any CPU
		{9169DB41-781D-4875-BBBA-1966AC8F8347}.Debug|Any CPU.Build.0 = Debug|Any CPU
		{9169DB41-781D-4875-BBBA-1966AC8F8347}.Debug|Any CPU.Deploy.0 = Debug|Any CPU
		{9169DB41-781D-4875-BBBA-1966AC8F8347}.Debug|iPhone.ActiveCfg = Debug|Any CPU
		{9169DB41-781D-4875-BBBA-1966AC8F8347}.Debug|iPhone.Build.0 = Debug|Any CPU
		{9169DB41-781D-4875-BBBA-1966AC8F8347}.Debug|iPhone.Deploy.0 = Debug|Any CPU
		{9169DB41-781D-4875-BBBA-1966AC8F8347}.Debug|iPhoneSimulator.ActiveCfg = Debug|Any CPU
		{9169DB41-781D-4875-BBBA-1966AC8F8347}.Debug|iPhoneSimulator.Build.0 = Debug|Any CPU
		{9169DB41-781D-4875-BBBA-1966AC8F8347}.Debug|iPhoneSimulator.Deploy.0 = Debug|Any CPU
		{9169DB41-781D-4875-BBBA-1966AC8F8347}.Release|Any CPU.ActiveCfg = Release|Any CPU
		{9169DB41-781D-4875-BBBA-1966AC8F8347}.Release|Any CPU.Build.0 = Release|Any CPU
		{9169DB41-781D-4875-BBBA-1966AC8F8347}.Release|Any CPU.Deploy.0 = Release|Any CPU
		{9169DB41-781D-4875-BBBA-1966AC8F8347}.Release|iPhone.ActiveCfg = Release|Any CPU
		{9169DB41-781D-4875-BBBA-1966AC8F8347}.Release|iPhone.Build.0 = Release|Any CPU
		{9169DB41-781D-4875-BBBA-1966AC8F8347}.Release|iPhone.Deploy.0 = Release|Any CPU
		{9169DB41-781D-4875-BBBA-1966AC8F8347}.Release|iPhoneSimulator.ActiveCfg = Release|Any CPU
		{9169DB41-781D-4875-BBBA-1966AC8F8347}.Release|iPhoneSimulator.Build.0 = Release|Any CPU
		{9169DB41-781D-4875-BBBA-1966AC8F8347}.Release|iPhoneSimulator.Deploy.0 = Release|Any CPU
		{6D75847E-FCAA-47C7-87BF-E897B975C689}.Ad-Hoc|Any CPU.ActiveCfg = Ad-Hoc|iPhone
		{6D75847E-FCAA-47C7-87BF-E897B975C689}.Ad-Hoc|iPhone.ActiveCfg = Ad-Hoc|iPhone
		{6D75847E-FCAA-47C7-87BF-E897B975C689}.Ad-Hoc|iPhone.Build.0 = Ad-Hoc|iPhone
		{6D75847E-FCAA-47C7-87BF-E897B975C689}.Ad-Hoc|iPhoneSimulator.ActiveCfg = Ad-Hoc|iPhoneSimulator
		{6D75847E-FCAA-47C7-87BF-E897B975C689}.Ad-Hoc|iPhoneSimulator.Build.0 = Ad-Hoc|iPhoneSimulator
		{6D75847E-FCAA-47C7-87BF-E897B975C689}.AppStore|Any CPU.ActiveCfg = AppStore|iPhone
		{6D75847E-FCAA-47C7-87BF-E897B975C689}.AppStore|iPhone.ActiveCfg = AppStore|iPhone
		{6D75847E-FCAA-47C7-87BF-E897B975C689}.AppStore|iPhone.Build.0 = AppStore|iPhone
		{6D75847E-FCAA-47C7-87BF-E897B975C689}.AppStore|iPhoneSimulator.ActiveCfg = AppStore|iPhoneSimulator
		{6D75847E-FCAA-47C7-87BF-E897B975C689}.AppStore|iPhoneSimulator.Build.0 = AppStore|iPhoneSimulator
		{6D75847E-FCAA-47C7-87BF-E897B975C689}.Debug|Any CPU.ActiveCfg = Debug|iPhone
		{6D75847E-FCAA-47C7-87BF-E897B975C689}.Debug|iPhone.ActiveCfg = Debug|iPhone
		{6D75847E-FCAA-47C7-87BF-E897B975C689}.Debug|iPhone.Build.0 = Debug|iPhone
		{6D75847E-FCAA-47C7-87BF-E897B975C689}.Debug|iPhoneSimulator.ActiveCfg = Debug|iPhoneSimulator
		{6D75847E-FCAA-47C7-87BF-E897B975C689}.Debug|iPhoneSimulator.Build.0 = Debug|iPhoneSimulator
		{6D75847E-FCAA-47C7-87BF-E897B975C689}.Release|Any CPU.ActiveCfg = Release|iPhone
		{6D75847E-FCAA-47C7-87BF-E897B975C689}.Release|iPhone.ActiveCfg = Release|iPhone
		{6D75847E-FCAA-47C7-87BF-E897B975C689}.Release|iPhone.Build.0 = Release|iPhone
		{6D75847E-FCAA-47C7-87BF-E897B975C689}.Release|iPhoneSimulator.ActiveCfg = Release|iPhoneSimulator
		{6D75847E-FCAA-47C7-87BF-E897B975C689}.Release|iPhoneSimulator.Build.0 = Release|iPhoneSimulator
	EndGlobalSection
	GlobalSection(SolutionProperties) = preSolution
		HideSolutionNode = FALSE
	EndGlobalSection
EndGlobal
